{
  "name": "02",
  "version": "1.0.0",
  "lockfileVersion": 3,
  "requires": true,
  "packages": {
    "": {
      "name": "02",
      "version": "1.0.0",
      "license": "ISC",
      "dependencies": {
        "ogl": "^1.0.11"
      }
    },
    "node_modules/ogl": {
      "version": "1.0.11",
      "resolved": "https://registry.npmmirror.com/ogl/-/ogl-1.0.11.tgz",
      "integrity": "sha512-kUpC154AFfxi16pmZUK4jk3J+8zxwTWGPo03EoYA8QPbzikHoaC82n6pNTbd+oEaJonaE8aPWBlX7ad9zrqLsA==",
      "license": "Unlicense"
    }
  }
}
